dependencies:
- name: fluent-bit
  repository: https://fluent.github.io/helm-charts
  version: 0.54.0
- name: kube-prometheus-stack
  repository: https://prometheus-community.github.io/helm-charts
  version: 78.3.0
digest: sha256:7cb00fae96e866e685f731f6fca4c2d2bd1f96127836cfb3d2e09a4f0ca4d02f
generated: "2025-11-14T02:11:50.339353719Z"
